github.com/hop-/goconfig v1.1.1 h1:cg8RtZie4N3LiwGUVJdREVrZGn2fdMZUIRdUfHLwEMg=
github.com/hop-/goconfig v1.1.1/go.mod h1:TfKTQ4yIKU11w51YIH6e8UcjOGsYVKPAtd5gn6T6S44=
github.com/hop-/golog v1.1.0 h1:JMcn/VoA7d2Vh44Z+hnGSvMG7mVdJiA/tRo4/wkjq3U=
github.com/hop-/golog v1.1.0/go.mod h1:8yAxFbyFX1UCpxyXv7JnZ2aMCks2Ys5k68iTeT7EI04=
